
Microsoft Visual Studio Solution File, Format Version 12.00
# Visual Studio 2012
Project("{FAE04EC0-301F-11D3-BF4B-00C04F79EFBC}") = "HZ.Web.ZLSys", "HZ.Web.ZLSys\HZ.Web.ZLSys.csproj", "{6364DDFC-3974-46DC-B0D6-7F0B8276CA7C}"
EndProject
Project("{2150E333-8FDC-42A3-9474-1A3956D46DE8}") = "Data", "Data", "{98135D6F-F12E-48C2-AF5E-7D880093526C}"
EndProject
Project("{2150E333-8FDC-42A3-9474-1A3956D46DE8}") = "Web", "Web", "{2D577736-F2D0-48C9-877D-F2CB3C4FE4DF}"
EndProject
Project("{FAE04EC0-301F-11D3-BF4B-00C04F79EFBC}") = "HZ.Data.Interface", "HZ.Data.Interface\HZ.Data.Interface.csproj", "{99E686FF-6DFB-43F7-90E9-982416CA7830}"
EndProject
Project("{FAE04EC0-301F-11D3-BF4B-00C04F79EFBC}") = "HZ.Data.Model", "HZ.Data.Model\HZ.Data.Model.csproj", "{AAD29F6E-357E-4D96-9EA7-1E31E652CDC1}"
EndProject
Project("{2150E333-8FDC-42A3-9474-1A3956D46DE8}") = "Utility", "Utility", "{03F51C53-A35C-4545-90D7-9312DF5EA3B1}"
EndProject
Project("{FAE04EC0-301F-11D3-BF4B-00C04F79EFBC}") = "HZ.Utility", "HZ.Utility\HZ.Utility.csproj", "{FD251665-1A7F-4938-8C44-D79BF4070A65}"
EndProject
Project("{2150E333-8FDC-42A3-9474-1A3956D46DE8}") = "Cache", "Cache", "{CD31B262-3168-456B-A7D8-2A143D56CCF4}"
EndProject
Project("{FAE04EC0-301F-11D3-BF4B-00C04F79EFBC}") = "HZ.Cache.Factory", "HZ.Cache.Factory\HZ.Cache.Factory.csproj", "{E08BC267-420A-4459-9189-F0EF54581117}"
EndProject
Project("{FAE04EC0-301F-11D3-BF4B-00C04F79EFBC}") = "HZ.Cache.InProc", "HZ.Cache.InProc\HZ.Cache.InProc.csproj", "{D512A53E-8334-4088-8ADD-D293EA30B569}"
EndProject
Project("{FAE04EC0-301F-11D3-BF4B-00C04F79EFBC}") = "HZ.Cache.Interface", "HZ.Cache.Interface\HZ.Cache.Interface.csproj", "{1B41C828-8013-40A1-A775-701423C4C12A}"
EndProject
Project("{FAE04EC0-301F-11D3-BF4B-00C04F79EFBC}") = "HZ.Cache.IO", "HZ.Cache.IO\HZ.Cache.IO.csproj", "{73279447-0BB7-45CA-B16F-098BCA0364FC}"
EndProject
Project("{FAE04EC0-301F-11D3-BF4B-00C04F79EFBC}") = "HZ.Web", "HZ.Web\HZ.Web.csproj", "{0B0C1384-644E-42CB-9D17-404C13207F54}"
EndProject
Project("{FAE04EC0-301F-11D3-BF4B-00C04F79EFBC}") = "HZ.Data.BLL", "HZ.Data.BLL\HZ.Data.BLL.csproj", "{366E68FC-A94B-4C9C-BF60-0CC7154CE5C3}"
EndProject
Project("{FAE04EC0-301F-11D3-BF4B-00C04F79EFBC}") = "HZ.Data.DAL", "HZ.Data.DAL\HZ.Data.DAL.csproj", "{000BAC9F-D3F2-4790-BEA6-94AA5B904DA1}"
EndProject
Project("{FAE04EC0-301F-11D3-BF4B-00C04F79EFBC}") = "HZ.Data.Factory", "HZ.Data.Factory\HZ.Data.Factory.csproj", "{2C72F4D4-F565-47E0-B497-9265729778B6}"
EndProject
Global
	GlobalSection(SolutionConfigurationPlatforms) = preSolution
		Debug|Any CPU = Debug|Any CPU
		Release|Any CPU = Release|Any CPU
	EndGlobalSection
	GlobalSection(ProjectConfigurationPlatforms) = postSolution
		{6364DDFC-3974-46DC-B0D6-7F0B8276CA7C}.Debug|Any CPU.ActiveCfg = Debug|Any CPU
		{6364DDFC-3974-46DC-B0D6-7F0B8276CA7C}.Debug|Any CPU.Build.0 = Debug|Any CPU
		{6364DDFC-3974-46DC-B0D6-7F0B8276CA7C}.Release|Any CPU.ActiveCfg = Release|Any CPU
		{6364DDFC-3974-46DC-B0D6-7F0B8276CA7C}.Release|Any CPU.Build.0 = Release|Any CPU
		{99E686FF-6DFB-43F7-90E9-982416CA7830}.Debug|Any CPU.ActiveCfg = Debug|Any CPU
		{99E686FF-6DFB-43F7-90E9-982416CA7830}.Debug|Any CPU.Build.0 = Debug|Any CPU
		{99E686FF-6DFB-43F7-90E9-982416CA7830}.Release|Any CPU.ActiveCfg = Release|Any CPU
		{99E686FF-6DFB-43F7-90E9-982416CA7830}.Release|Any CPU.Build.0 = Release|Any CPU
		{AAD29F6E-357E-4D96-9EA7-1E31E652CDC1}.Debug|Any CPU.ActiveCfg = Debug|Any CPU
		{AAD29F6E-357E-4D96-9EA7-1E31E652CDC1}.Debug|Any CPU.Build.0 = Debug|Any CPU
		{AAD29F6E-357E-4D96-9EA7-1E31E652CDC1}.Release|Any CPU.ActiveCfg = Release|Any CPU
		{AAD29F6E-357E-4D96-9EA7-1E31E652CDC1}.Release|Any CPU.Build.0 = Release|Any CPU
		{FD251665-1A7F-4938-8C44-D79BF4070A65}.Debug|Any CPU.ActiveCfg = Debug|Any CPU
		{FD251665-1A7F-4938-8C44-D79BF4070A65}.Debug|Any CPU.Build.0 = Debug|Any CPU
		{FD251665-1A7F-4938-8C44-D79BF4070A65}.Release|Any CPU.ActiveCfg = Release|Any CPU
		{FD251665-1A7F-4938-8C44-D79BF4070A65}.Release|Any CPU.Build.0 = Release|Any CPU
		{E08BC267-420A-4459-9189-F0EF54581117}.Debug|Any CPU.ActiveCfg = Debug|Any CPU
		{E08BC267-420A-4459-9189-F0EF54581117}.Debug|Any CPU.Build.0 = Debug|Any CPU
		{E08BC267-420A-4459-9189-F0EF54581117}.Release|Any CPU.ActiveCfg = Release|Any CPU
		{E08BC267-420A-4459-9189-F0EF54581117}.Release|Any CPU.Build.0 = Release|Any CPU
		{D512A53E-8334-4088-8ADD-D293EA30B569}.Debug|Any CPU.ActiveCfg = Debug|Any CPU
		{D512A53E-8334-4088-8ADD-D293EA30B569}.Debug|Any CPU.Build.0 = Debug|Any CPU
		{D512A53E-8334-4088-8ADD-D293EA30B569}.Release|Any CPU.ActiveCfg = Release|Any CPU
		{D512A53E-8334-4088-8ADD-D293EA30B569}.Release|Any CPU.Build.0 = Release|Any CPU
		{1B41C828-8013-40A1-A775-701423C4C12A}.Debug|Any CPU.ActiveCfg = Debug|Any CPU
		{1B41C828-8013-40A1-A775-701423C4C12A}.Debug|Any CPU.Build.0 = Debug|Any CPU
		{1B41C828-8013-40A1-A775-701423C4C12A}.Release|Any CPU.ActiveCfg = Release|Any CPU
		{1B41C828-8013-40A1-A775-701423C4C12A}.Release|Any CPU.Build.0 = Release|Any CPU
		{73279447-0BB7-45CA-B16F-098BCA0364FC}.Debug|Any CPU.ActiveCfg = Debug|Any CPU
		{73279447-0BB7-45CA-B16F-098BCA0364FC}.Debug|Any CPU.Build.0 = Debug|Any CPU
		{73279447-0BB7-45CA-B16F-098BCA0364FC}.Release|Any CPU.ActiveCfg = Release|Any CPU
		{73279447-0BB7-45CA-B16F-098BCA0364FC}.Release|Any CPU.Build.0 = Release|Any CPU
		{0B0C1384-644E-42CB-9D17-404C13207F54}.Debug|Any CPU.ActiveCfg = Debug|Any CPU
		{0B0C1384-644E-42CB-9D17-404C13207F54}.Debug|Any CPU.Build.0 = Debug|Any CPU
		{0B0C1384-644E-42CB-9D17-404C13207F54}.Release|Any CPU.ActiveCfg = Release|Any CPU
		{0B0C1384-644E-42CB-9D17-404C13207F54}.Release|Any CPU.Build.0 = Release|Any CPU
		{366E68FC-A94B-4C9C-BF60-0CC7154CE5C3}.Debug|Any CPU.ActiveCfg = Debug|Any CPU
		{366E68FC-A94B-4C9C-BF60-0CC7154CE5C3}.Debug|Any CPU.Build.0 = Debug|Any CPU
		{366E68FC-A94B-4C9C-BF60-0CC7154CE5C3}.Release|Any CPU.ActiveCfg = Release|Any CPU
		{366E68FC-A94B-4C9C-BF60-0CC7154CE5C3}.Release|Any CPU.Build.0 = Release|Any CPU
		{000BAC9F-D3F2-4790-BEA6-94AA5B904DA1}.Debug|Any CPU.ActiveCfg = Debug|Any CPU
		{000BAC9F-D3F2-4790-BEA6-94AA5B904DA1}.Debug|Any CPU.Build.0 = Debug|Any CPU
		{000BAC9F-D3F2-4790-BEA6-94AA5B904DA1}.Release|Any CPU.ActiveCfg = Release|Any CPU
		{000BAC9F-D3F2-4790-BEA6-94AA5B904DA1}.Release|Any CPU.Build.0 = Release|Any CPU
		{2C72F4D4-F565-47E0-B497-9265729778B6}.Debug|Any CPU.ActiveCfg = Debug|Any CPU
		{2C72F4D4-F565-47E0-B497-9265729778B6}.Debug|Any CPU.Build.0 = Debug|Any CPU
		{2C72F4D4-F565-47E0-B497-9265729778B6}.Release|Any CPU.ActiveCfg = Release|Any CPU
		{2C72F4D4-F565-47E0-B497-9265729778B6}.Release|Any CPU.Build.0 = Release|Any CPU
	EndGlobalSection
	GlobalSection(SolutionProperties) = preSolution
		HideSolutionNode = FALSE
	EndGlobalSection
	GlobalSection(NestedProjects) = preSolution
		{6364DDFC-3974-46DC-B0D6-7F0B8276CA7C} = {2D577736-F2D0-48C9-877D-F2CB3C4FE4DF}
		{0B0C1384-644E-42CB-9D17-404C13207F54} = {2D577736-F2D0-48C9-877D-F2CB3C4FE4DF}
		{99E686FF-6DFB-43F7-90E9-982416CA7830} = {98135D6F-F12E-48C2-AF5E-7D880093526C}
		{AAD29F6E-357E-4D96-9EA7-1E31E652CDC1} = {98135D6F-F12E-48C2-AF5E-7D880093526C}
		{366E68FC-A94B-4C9C-BF60-0CC7154CE5C3} = {98135D6F-F12E-48C2-AF5E-7D880093526C}
		{000BAC9F-D3F2-4790-BEA6-94AA5B904DA1} = {98135D6F-F12E-48C2-AF5E-7D880093526C}
		{2C72F4D4-F565-47E0-B497-9265729778B6} = {98135D6F-F12E-48C2-AF5E-7D880093526C}
		{FD251665-1A7F-4938-8C44-D79BF4070A65} = {03F51C53-A35C-4545-90D7-9312DF5EA3B1}
		{E08BC267-420A-4459-9189-F0EF54581117} = {CD31B262-3168-456B-A7D8-2A143D56CCF4}
		{D512A53E-8334-4088-8ADD-D293EA30B569} = {CD31B262-3168-456B-A7D8-2A143D56CCF4}
		{1B41C828-8013-40A1-A775-701423C4C12A} = {CD31B262-3168-456B-A7D8-2A143D56CCF4}
		{73279447-0BB7-45CA-B16F-098BCA0364FC} = {CD31B262-3168-456B-A7D8-2A143D56CCF4}
	EndGlobalSection
EndGlobal
